
Microsoft Visual Studio Solution File, Format Version 12.00
# Visual Studio Version 16
VisualStudioVersion = 16.0.29001.49
MinimumVisualStudioVersion = 10.0.40219.1
Project("{FAE04EC0-301F-11D3-BF4B-00C04F79EFBC}") = "GerenciadorVM", "CopyFiles\GerenciadorVM.csproj", "{43968474-7B3B-4ACB-B48A-B2F290D6C935}"
EndProject
Project("{FAE04EC0-301F-11D3-BF4B-00C04F79EFBC}") = "Utils", "Utils\Utils.csproj", "{F188214B-3F10-4596-9048-EBAF5FEABE0C}"
EndProject
Global
	GlobalSection(SolutionConfigurationPlatforms) = preSolution
		Debug|Any CPU = Debug|Any CPU
		Release|Any CPU = Release|Any CPU
	EndGlobalSection
	GlobalSection(ProjectConfigurationPlatforms) = postSolution
		{43968474-7B3B-4ACB-B48A-B2F290D6C935}.Debug|Any CPU.ActiveCfg = Debug|Any CPU
		{43968474-7B3B-4ACB-B48A-B2F290D6C935}.Debug|Any CPU.Build.0 = Debug|Any CPU
		{43968474-7B3B-4ACB-B48A-B2F290D6C935}.Release|Any CPU.ActiveCfg = Release|Any CPU
		{43968474-7B3B-4ACB-B48A-B2F290D6C935}.Release|Any CPU.Build.0 = Release|Any CPU
		{F188214B-3F10-4596-9048-EBAF5FEABE0C}.Debug|Any CPU.ActiveCfg = Debug|Any CPU
		{F188214B-3F10-4596-9048-EBAF5FEABE0C}.Debug|Any CPU.Build.0 = Debug|Any CPU
		{F188214B-3F10-4596-9048-EBAF5FEABE0C}.Release|Any CPU.ActiveCfg = Release|Any CPU
		{F188214B-3F10-4596-9048-EBAF5FEABE0C}.Release|Any CPU.Build.0 = Release|Any CPU
	EndGlobalSection
	GlobalSection(SolutionProperties) = preSolution
		HideSolutionNode = FALSE
	EndGlobalSection
	GlobalSection(ExtensibilityGlobals) = postSolution
		SolutionGuid = {54A021D0-4AF7-4F49-AE7E-5544C9A589C9}
	EndGlobalSection
EndGlobal
